
Microsoft Visual Studio Solution File, Format Version 12.00
# Visual Studio 15
Project("{FAE04EC0-301F-11D3-BF4B-00C04F79EFBC}") = "BubblesPage.Android", "BubblesPage.Android\BubblesPage.Android.csproj", "{9909D242-F451-455F-979C-5FE7CA1D87AB}"
EndProject
Project("{FAE04EC0-301F-11D3-BF4B-00C04F79EFBC}") = "BubblesPage.iOS", "BubblesPage.iOS\BubblesPage.iOS.csproj", "{69CC45CB-29A6-4010-B530-6A0172671CC3}"
EndProject
Project("{FAE04EC0-301F-11D3-BF4B-00C04F79EFBC}") = "BubblesPage", "BubblesPage\BubblesPage.csproj", "{B4036B54-EE9A-496F-81E7-65DFB1634D25}"
EndProject
Global
	GlobalSection(SolutionConfigurationPlatforms) = preSolution
		Debug|Any CPU = Debug|Any CPU
		Release|Any CPU = Release|Any CPU
		Debug|iPhoneSimulator = Debug|iPhoneSimulator
		Release|iPhoneSimulator = Release|iPhoneSimulator
		Debug|iPhone = Debug|iPhone
		Release|iPhone = Release|iPhone
	EndGlobalSection
	GlobalSection(ProjectConfigurationPlatforms) = postSolution
		{9909D242-F451-455F-979C-5FE7CA1D87AB}.Debug|Any CPU.ActiveCfg = Debug|Any CPU
		{9909D242-F451-455F-979C-5FE7CA1D87AB}.Debug|Any CPU.Build.0 = Debug|Any CPU
		{9909D242-F451-455F-979C-5FE7CA1D87AB}.Release|Any CPU.ActiveCfg = Release|Any CPU
		{9909D242-F451-455F-979C-5FE7CA1D87AB}.Release|Any CPU.Build.0 = Release|Any CPU
		{9909D242-F451-455F-979C-5FE7CA1D87AB}.Debug|iPhoneSimulator.ActiveCfg = Debug|Any CPU
		{9909D242-F451-455F-979C-5FE7CA1D87AB}.Debug|iPhoneSimulator.Build.0 = Debug|Any CPU
		{9909D242-F451-455F-979C-5FE7CA1D87AB}.Release|iPhoneSimulator.ActiveCfg = Release|Any CPU
		{9909D242-F451-455F-979C-5FE7CA1D87AB}.Release|iPhoneSimulator.Build.0 = Release|Any CPU
		{9909D242-F451-455F-979C-5FE7CA1D87AB}.Debug|iPhone.ActiveCfg = Debug|Any CPU
		{9909D242-F451-455F-979C-5FE7CA1D87AB}.Debug|iPhone.Build.0 = Debug|Any CPU
		{9909D242-F451-455F-979C-5FE7CA1D87AB}.Release|iPhone.ActiveCfg = Release|Any CPU
		{9909D242-F451-455F-979C-5FE7CA1D87AB}.Release|iPhone.Build.0 = Release|Any CPU
		{69CC45CB-29A6-4010-B530-6A0172671CC3}.Debug|Any CPU.ActiveCfg = Debug|iPhoneSimulator
		{69CC45CB-29A6-4010-B530-6A0172671CC3}.Debug|Any CPU.Build.0 = Debug|iPhoneSimulator
		{69CC45CB-29A6-4010-B530-6A0172671CC3}.Release|Any CPU.ActiveCfg = Release|iPhoneSimulator
		{69CC45CB-29A6-4010-B530-6A0172671CC3}.Release|Any CPU.Build.0 = Release|iPhoneSimulator
		{69CC45CB-29A6-4010-B530-6A0172671CC3}.Debug|iPhoneSimulator.ActiveCfg = Debug|iPhoneSimulator
		{69CC45CB-29A6-4010-B530-6A0172671CC3}.Debug|iPhoneSimulator.Build.0 = Debug|iPhoneSimulator
		{69CC45CB-29A6-4010-B530-6A0172671CC3}.Release|iPhoneSimulator.ActiveCfg = Release|iPhoneSimulator
		{69CC45CB-29A6-4010-B530-6A0172671CC3}.Release|iPhoneSimulator.Build.0 = Release|iPhoneSimulator
		{69CC45CB-29A6-4010-B530-6A0172671CC3}.Debug|iPhone.ActiveCfg = Debug|iPhone
		{69CC45CB-29A6-4010-B530-6A0172671CC3}.Debug|iPhone.Build.0 = Debug|iPhone
		{69CC45CB-29A6-4010-B530-6A0172671CC3}.Release|iPhone.ActiveCfg = Release|iPhone
		{69CC45CB-29A6-4010-B530-6A0172671CC3}.Release|iPhone.Build.0 = Release|iPhone
		{B4036B54-EE9A-496F-81E7-65DFB1634D25}.Debug|Any CPU.ActiveCfg = Debug|Any CPU
		{B4036B54-EE9A-496F-81E7-65DFB1634D25}.Debug|Any CPU.Build.0 = Debug|Any CPU
		{B4036B54-EE9A-496F-81E7-65DFB1634D25}.Release|Any CPU.ActiveCfg = Release|Any CPU
		{B4036B54-EE9A-496F-81E7-65DFB1634D25}.Release|Any CPU.Build.0 = Release|Any CPU
		{B4036B54-EE9A-496F-81E7-65DFB1634D25}.Debug|iPhoneSimulator.ActiveCfg = Debug|Any CPU
		{B4036B54-EE9A-496F-81E7-65DFB1634D25}.Debug|iPhoneSimulator.Build.0 = Debug|Any CPU
		{B4036B54-EE9A-496F-81E7-65DFB1634D25}.Release|iPhoneSimulator.ActiveCfg = Release|Any CPU
		{B4036B54-EE9A-496F-81E7-65DFB1634D25}.Release|iPhoneSimulator.Build.0 = Release|Any CPU
		{B4036B54-EE9A-496F-81E7-65DFB1634D25}.Debug|iPhone.ActiveCfg = Debug|Any CPU
		{B4036B54-EE9A-496F-81E7-65DFB1634D25}.Debug|iPhone.Build.0 = Debug|Any CPU
		{B4036B54-EE9A-496F-81E7-65DFB1634D25}.Release|iPhone.ActiveCfg = Release|Any CPU
		{B4036B54-EE9A-496F-81E7-65DFB1634D25}.Release|iPhone.Build.0 = Release|Any CPU
	EndGlobalSection
EndGlobal
